
Microsoft Visual Studio Solution File, Format Version 12.00
# Visual Studio Version 17
VisualStudioVersion = 17.0.31903.59
MinimumVisualStudioVersion = 10.0.40219.1
Project("{2150E333-8FDC-42A3-9474-1A3956D46DE8}") = "creational", "creational", "{C9F97749-196A-4771-B46F-77EF1B5DFC52}"
EndProject
Project("{FAE04EC0-301F-11D3-BF4B-00C04F79EFBC}") = "Singleton", "creational\Singleton\Singleton.csproj", "{F68C7CFE-0267-465B-941F-8253A5507DBC}"
EndProject
Project("{FAE04EC0-301F-11D3-BF4B-00C04F79EFBC}") = "FactoryMethod", "creational\FactoryMethod\FactoryMethod.csproj", "{4F17056A-19AE-47AC-A32B-03B5DC8D1340}"
EndProject
Project("{FAE04EC0-301F-11D3-BF4B-00C04F79EFBC}") = "AbstractFactory", "creational\AbstractFactory\AbstractFactory.csproj", "{93D72740-2B64-4926-B343-CD37DE42233F}"
EndProject
Project("{FAE04EC0-301F-11D3-BF4B-00C04F79EFBC}") = "Builder", "creational\Builder\Builder.csproj", "{96112C29-DA05-421B-9FFE-EC8D73035EA9}"
EndProject
Project("{FAE04EC0-301F-11D3-BF4B-00C04F79EFBC}") = "Prototype", "creational\Prototype\Prototype.csproj", "{1E2031F4-056A-4ADC-AAD5-6CF82AF1D25E}"
EndProject
Project("{2150E333-8FDC-42A3-9474-1A3956D46DE8}") = "structural", "structural", "{102AB3E1-D639-4ABA-BA54-EDA74F1C3AFF}"
EndProject
Project("{FAE04EC0-301F-11D3-BF4B-00C04F79EFBC}") = "Adapter", "structural\Adapter\Adapter.csproj", "{B5EC0F48-149C-4D3D-8B2C-B888C252CCA8}"
EndProject
Project("{FAE04EC0-301F-11D3-BF4B-00C04F79EFBC}") = "Bridge", "structural\Bridge\Bridge.csproj", "{1C50B884-1D59-49AF-8F2E-28931AE5343C}"
EndProject
Project("{FAE04EC0-301F-11D3-BF4B-00C04F79EFBC}") = "Decorator", "structural\Decorator\Decorator.csproj", "{2AC5D837-C31A-4CCA-98BE-ACA8713EF46D}"
EndProject
Project("{FAE04EC0-301F-11D3-BF4B-00C04F79EFBC}") = "Composite", "structural\Composite\Composite.csproj", "{BC7910C7-DC26-467E-A9BE-8C144C95E415}"
EndProject
Project("{FAE04EC0-301F-11D3-BF4B-00C04F79EFBC}") = "Facade", "structural\Facade\Facade.csproj", "{783BF043-8D27-467A-BD2C-42DAE1A920A9}"
EndProject
Project("{FAE04EC0-301F-11D3-BF4B-00C04F79EFBC}") = "Proxy", "structural\Proxy\Proxy.csproj", "{0035BA52-1915-4986-8246-AE45826F5551}"
EndProject
Project("{FAE04EC0-301F-11D3-BF4B-00C04F79EFBC}") = "Flyweight", "structural\Flyweight\Flyweight.csproj", "{4F82D7A9-E6C2-4991-A5B1-9491B8B2C43D}"
EndProject
Project("{2150E333-8FDC-42A3-9474-1A3956D46DE8}") = "behavioral", "behavioral", "{8AC50DB4-85C2-481A-AFB7-F84557C8943C}"
EndProject
Project("{FAE04EC0-301F-11D3-BF4B-00C04F79EFBC}") = "Observer", "behavioral\Observer\Observer.csproj", "{14A48730-72D7-4F08-B0B9-BDE6467D8A48}"
EndProject
Project("{FAE04EC0-301F-11D3-BF4B-00C04F79EFBC}") = "TemplateMethod", "behavioral\TemplateMethod\TemplateMethod.csproj", "{D18BF94D-CB9E-45D9-BF2F-1AE9BDBBA579}"
EndProject
Project("{FAE04EC0-301F-11D3-BF4B-00C04F79EFBC}") = "Strategy", "behavioral\Strategy\Strategy.csproj", "{06FEBCB2-E09E-4318-8528-759BADC93572}"
EndProject
Project("{FAE04EC0-301F-11D3-BF4B-00C04F79EFBC}") = "Command", "behavioral\Command\Command.csproj", "{A55C48BF-54FE-4C8E-B951-B222E08190B0}"
EndProject
Project("{FAE04EC0-301F-11D3-BF4B-00C04F79EFBC}") = "Memento", "behavioral\Memento\Memento.csproj", "{A094173D-286E-424D-917F-C8D0EE732CCB}"
EndProject
Project("{FAE04EC0-301F-11D3-BF4B-00C04F79EFBC}") = "Mediator", "behavioral\Mediator\Mediator.csproj", "{C734887C-D2F2-4E96-8124-2265334BC71F}"
EndProject
Project("{FAE04EC0-301F-11D3-BF4B-00C04F79EFBC}") = "ChainOfResponsibility", "behavioral\ChainOfResponsibility\ChainOfResponsibility.csproj", "{1BB8ACA9-2C43-4D6D-AD87-D84C91033179}"
EndProject
Project("{FAE04EC0-301F-11D3-BF4B-00C04F79EFBC}") = "State", "behavioral\State\State.csproj", "{E04D8277-21D8-4D49-A50E-79E9EDE3040F}"
EndProject
Project("{FAE04EC0-301F-11D3-BF4B-00C04F79EFBC}") = "Iterator", "behavioral\Iterator\Iterator.csproj", "{B1EFEA0C-6957-47DC-AFA4-9CE6446B4635}"
EndProject
Project("{FAE04EC0-301F-11D3-BF4B-00C04F79EFBC}") = "Visitor", "behavioral\Visitor\Visitor.csproj", "{72315B63-A73A-42BF-BBB2-1B071FC22EF4}"
EndProject
Project("{FAE04EC0-301F-11D3-BF4B-00C04F79EFBC}") = "Interpreter", "behavioral\Interpreter\Interpreter.csproj", "{7FEF248F-AE00-4E42-BBE2-61D1B78B3C0D}"
EndProject
Project("{FAE04EC0-301F-11D3-BF4B-00C04F79EFBC}") = "RulesEngine", "RulesEngine\RulesEngine.csproj", "{1EF30C9B-FB50-41C2-9EE9-06A85D64B398}"
EndProject
Global
	GlobalSection(SolutionConfigurationPlatforms) = preSolution
		Debug|Any CPU = Debug|Any CPU
		Release|Any CPU = Release|Any CPU
	EndGlobalSection
	GlobalSection(SolutionProperties) = preSolution
		HideSolutionNode = FALSE
	EndGlobalSection
	GlobalSection(ProjectConfigurationPlatforms) = postSolution
		{F68C7CFE-0267-465B-941F-8253A5507DBC}.Debug|Any CPU.ActiveCfg = Debug|Any CPU
		{F68C7CFE-0267-465B-941F-8253A5507DBC}.Debug|Any CPU.Build.0 = Debug|Any CPU
		{F68C7CFE-0267-465B-941F-8253A5507DBC}.Release|Any CPU.ActiveCfg = Release|Any CPU
		{F68C7CFE-0267-465B-941F-8253A5507DBC}.Release|Any CPU.Build.0 = Release|Any CPU
		{4F17056A-19AE-47AC-A32B-03B5DC8D1340}.Debug|Any CPU.ActiveCfg = Debug|Any CPU
		{4F17056A-19AE-47AC-A32B-03B5DC8D1340}.Debug|Any CPU.Build.0 = Debug|Any CPU
		{4F17056A-19AE-47AC-A32B-03B5DC8D1340}.Release|Any CPU.ActiveCfg = Release|Any CPU
		{4F17056A-19AE-47AC-A32B-03B5DC8D1340}.Release|Any CPU.Build.0 = Release|Any CPU
		{93D72740-2B64-4926-B343-CD37DE42233F}.Debug|Any CPU.ActiveCfg = Debug|Any CPU
		{93D72740-2B64-4926-B343-CD37DE42233F}.Debug|Any CPU.Build.0 = Debug|Any CPU
		{93D72740-2B64-4926-B343-CD37DE42233F}.Release|Any CPU.ActiveCfg = Release|Any CPU
		{93D72740-2B64-4926-B343-CD37DE42233F}.Release|Any CPU.Build.0 = Release|Any CPU
		{96112C29-DA05-421B-9FFE-EC8D73035EA9}.Debug|Any CPU.ActiveCfg = Debug|Any CPU
		{96112C29-DA05-421B-9FFE-EC8D73035EA9}.Debug|Any CPU.Build.0 = Debug|Any CPU
		{96112C29-DA05-421B-9FFE-EC8D73035EA9}.Release|Any CPU.ActiveCfg = Release|Any CPU
		{96112C29-DA05-421B-9FFE-EC8D73035EA9}.Release|Any CPU.Build.0 = Release|Any CPU
		{1E2031F4-056A-4ADC-AAD5-6CF82AF1D25E}.Debug|Any CPU.ActiveCfg = Debug|Any CPU
		{1E2031F4-056A-4ADC-AAD5-6CF82AF1D25E}.Debug|Any CPU.Build.0 = Debug|Any CPU
		{1E2031F4-056A-4ADC-AAD5-6CF82AF1D25E}.Release|Any CPU.ActiveCfg = Release|Any CPU
		{1E2031F4-056A-4ADC-AAD5-6CF82AF1D25E}.Release|Any CPU.Build.0 = Release|Any CPU
		{B5EC0F48-149C-4D3D-8B2C-B888C252CCA8}.Debug|Any CPU.ActiveCfg = Debug|Any CPU
		{B5EC0F48-149C-4D3D-8B2C-B888C252CCA8}.Debug|Any CPU.Build.0 = Debug|Any CPU
		{B5EC0F48-149C-4D3D-8B2C-B888C252CCA8}.Release|Any CPU.ActiveCfg = Release|Any CPU
		{B5EC0F48-149C-4D3D-8B2C-B888C252CCA8}.Release|Any CPU.Build.0 = Release|Any CPU
		{1C50B884-1D59-49AF-8F2E-28931AE5343C}.Debug|Any CPU.ActiveCfg = Debug|Any CPU
		{1C50B884-1D59-49AF-8F2E-28931AE5343C}.Debug|Any CPU.Build.0 = Debug|Any CPU
		{1C50B884-1D59-49AF-8F2E-28931AE5343C}.Release|Any CPU.ActiveCfg = Release|Any CPU
		{1C50B884-1D59-49AF-8F2E-28931AE5343C}.Release|Any CPU.Build.0 = Release|Any CPU
		{2AC5D837-C31A-4CCA-98BE-ACA8713EF46D}.Debug|Any CPU.ActiveCfg = Debug|Any CPU
		{2AC5D837-C31A-4CCA-98BE-ACA8713EF46D}.Debug|Any CPU.Build.0 = Debug|Any CPU
		{2AC5D837-C31A-4CCA-98BE-ACA8713EF46D}.Release|Any CPU.ActiveCfg = Release|Any CPU
		{2AC5D837-C31A-4CCA-98BE-ACA8713EF46D}.Release|Any CPU.Build.0 = Release|Any CPU
		{BC7910C7-DC26-467E-A9BE-8C144C95E415}.Debug|Any CPU.ActiveCfg = Debug|Any CPU
		{BC7910C7-DC26-467E-A9BE-8C144C95E415}.Debug|Any CPU.Build.0 = Debug|Any CPU
		{BC7910C7-DC26-467E-A9BE-8C144C95E415}.Release|Any CPU.ActiveCfg = Release|Any CPU
		{BC7910C7-DC26-467E-A9BE-8C144C95E415}.Release|Any CPU.Build.0 = Release|Any CPU
		{783BF043-8D27-467A-BD2C-42DAE1A920A9}.Debug|Any CPU.ActiveCfg = Debug|Any CPU
		{783BF043-8D27-467A-BD2C-42DAE1A920A9}.Debug|Any CPU.Build.0 = Debug|Any CPU
		{783BF043-8D27-467A-BD2C-42DAE1A920A9}.Release|Any CPU.ActiveCfg = Release|Any CPU
		{783BF043-8D27-467A-BD2C-42DAE1A920A9}.Release|Any CPU.Build.0 = Release|Any CPU
		{0035BA52-1915-4986-8246-AE45826F5551}.Debug|Any CPU.ActiveCfg = Debug|Any CPU
		{0035BA52-1915-4986-8246-AE45826F5551}.Debug|Any CPU.Build.0 = Debug|Any CPU
		{0035BA52-1915-4986-8246-AE45826F5551}.Release|Any CPU.ActiveCfg = Release|Any CPU
		{0035BA52-1915-4986-8246-AE45826F5551}.Release|Any CPU.Build.0 = Release|Any CPU
		{4F82D7A9-E6C2-4991-A5B1-9491B8B2C43D}.Debug|Any CPU.ActiveCfg = Debug|Any CPU
		{4F82D7A9-E6C2-4991-A5B1-9491B8B2C43D}.Debug|Any CPU.Build.0 = Debug|Any CPU
		{4F82D7A9-E6C2-4991-A5B1-9491B8B2C43D}.Release|Any CPU.ActiveCfg = Release|Any CPU
		{4F82D7A9-E6C2-4991-A5B1-9491B8B2C43D}.Release|Any CPU.Build.0 = Release|Any CPU
		{14A48730-72D7-4F08-B0B9-BDE6467D8A48}.Debug|Any CPU.ActiveCfg = Debug|Any CPU
		{14A48730-72D7-4F08-B0B9-BDE6467D8A48}.Debug|Any CPU.Build.0 = Debug|Any CPU
		{14A48730-72D7-4F08-B0B9-BDE6467D8A48}.Release|Any CPU.ActiveCfg = Release|Any CPU
		{14A48730-72D7-4F08-B0B9-BDE6467D8A48}.Release|Any CPU.Build.0 = Release|Any CPU
		{D18BF94D-CB9E-45D9-BF2F-1AE9BDBBA579}.Debug|Any CPU.ActiveCfg = Debug|Any CPU
		{D18BF94D-CB9E-45D9-BF2F-1AE9BDBBA579}.Debug|Any CPU.Build.0 = Debug|Any CPU
		{D18BF94D-CB9E-45D9-BF2F-1AE9BDBBA579}.Release|Any CPU.ActiveCfg = Release|Any CPU
		{D18BF94D-CB9E-45D9-BF2F-1AE9BDBBA579}.Release|Any CPU.Build.0 = Release|Any CPU
		{06FEBCB2-E09E-4318-8528-759BADC93572}.Debug|Any CPU.ActiveCfg = Debug|Any CPU
		{06FEBCB2-E09E-4318-8528-759BADC93572}.Debug|Any CPU.Build.0 = Debug|Any CPU
		{06FEBCB2-E09E-4318-8528-759BADC93572}.Release|Any CPU.ActiveCfg = Release|Any CPU
		{06FEBCB2-E09E-4318-8528-759BADC93572}.Release|Any CPU.Build.0 = Release|Any CPU
		{A55C48BF-54FE-4C8E-B951-B222E08190B0}.Debug|Any CPU.ActiveCfg = Debug|Any CPU
		{A55C48BF-54FE-4C8E-B951-B222E08190B0}.Debug|Any CPU.Build.0 = Debug|Any CPU
		{A55C48BF-54FE-4C8E-B951-B222E08190B0}.Release|Any CPU.ActiveCfg = Release|Any CPU
		{A55C48BF-54FE-4C8E-B951-B222E08190B0}.Release|Any CPU.Build.0 = Release|Any CPU
		{A094173D-286E-424D-917F-C8D0EE732CCB}.Debug|Any CPU.ActiveCfg = Debug|Any CPU
		{A094173D-286E-424D-917F-C8D0EE732CCB}.Debug|Any CPU.Build.0 = Debug|Any CPU
		{A094173D-286E-424D-917F-C8D0EE732CCB}.Release|Any CPU.ActiveCfg = Release|Any CPU
		{A094173D-286E-424D-917F-C8D0EE732CCB}.Release|Any CPU.Build.0 = Release|Any CPU
		{C734887C-D2F2-4E96-8124-2265334BC71F}.Debug|Any CPU.ActiveCfg = Debug|Any CPU
		{C734887C-D2F2-4E96-8124-2265334BC71F}.Debug|Any CPU.Build.0 = Debug|Any CPU
		{C734887C-D2F2-4E96-8124-2265334BC71F}.Release|Any CPU.ActiveCfg = Release|Any CPU
		{C734887C-D2F2-4E96-8124-2265334BC71F}.Release|Any CPU.Build.0 = Release|Any CPU
		{1BB8ACA9-2C43-4D6D-AD87-D84C91033179}.Debug|Any CPU.ActiveCfg = Debug|Any CPU
		{1BB8ACA9-2C43-4D6D-AD87-D84C91033179}.Debug|Any CPU.Build.0 = Debug|Any CPU
		{1BB8ACA9-2C43-4D6D-AD87-D84C91033179}.Release|Any CPU.ActiveCfg = Release|Any CPU
		{1BB8ACA9-2C43-4D6D-AD87-D84C91033179}.Release|Any CPU.Build.0 = Release|Any CPU
		{E04D8277-21D8-4D49-A50E-79E9EDE3040F}.Debug|Any CPU.ActiveCfg = Debug|Any CPU
		{E04D8277-21D8-4D49-A50E-79E9EDE3040F}.Debug|Any CPU.Build.0 = Debug|Any CPU
		{E04D8277-21D8-4D49-A50E-79E9EDE3040F}.Release|Any CPU.ActiveCfg = Release|Any CPU
		{E04D8277-21D8-4D49-A50E-79E9EDE3040F}.Release|Any CPU.Build.0 = Release|Any CPU
		{B1EFEA0C-6957-47DC-AFA4-9CE6446B4635}.Debug|Any CPU.ActiveCfg = Debug|Any CPU
		{B1EFEA0C-6957-47DC-AFA4-9CE6446B4635}.Debug|Any CPU.Build.0 = Debug|Any CPU
		{B1EFEA0C-6957-47DC-AFA4-9CE6446B4635}.Release|Any CPU.ActiveCfg = Release|Any CPU
		{B1EFEA0C-6957-47DC-AFA4-9CE6446B4635}.Release|Any CPU.Build.0 = Release|Any CPU
		{72315B63-A73A-42BF-BBB2-1B071FC22EF4}.Debug|Any CPU.ActiveCfg = Debug|Any CPU
		{72315B63-A73A-42BF-BBB2-1B071FC22EF4}.Debug|Any CPU.Build.0 = Debug|Any CPU
		{72315B63-A73A-42BF-BBB2-1B071FC22EF4}.Release|Any CPU.ActiveCfg = Release|Any CPU
		{72315B63-A73A-42BF-BBB2-1B071FC22EF4}.Release|Any CPU.Build.0 = Release|Any CPU
		{7FEF248F-AE00-4E42-BBE2-61D1B78B3C0D}.Debug|Any CPU.ActiveCfg = Debug|Any CPU
		{7FEF248F-AE00-4E42-BBE2-61D1B78B3C0D}.Debug|Any CPU.Build.0 = Debug|Any CPU
		{7FEF248F-AE00-4E42-BBE2-61D1B78B3C0D}.Release|Any CPU.ActiveCfg = Release|Any CPU
		{7FEF248F-AE00-4E42-BBE2-61D1B78B3C0D}.Release|Any CPU.Build.0 = Release|Any CPU
		{1EF30C9B-FB50-41C2-9EE9-06A85D64B398}.Debug|Any CPU.ActiveCfg = Debug|Any CPU
		{1EF30C9B-FB50-41C2-9EE9-06A85D64B398}.Debug|Any CPU.Build.0 = Debug|Any CPU
		{1EF30C9B-FB50-41C2-9EE9-06A85D64B398}.Release|Any CPU.ActiveCfg = Release|Any CPU
		{1EF30C9B-FB50-41C2-9EE9-06A85D64B398}.Release|Any CPU.Build.0 = Release|Any CPU
	EndGlobalSection
	GlobalSection(NestedProjects) = preSolution
		{F68C7CFE-0267-465B-941F-8253A5507DBC} = {C9F97749-196A-4771-B46F-77EF1B5DFC52}
		{4F17056A-19AE-47AC-A32B-03B5DC8D1340} = {C9F97749-196A-4771-B46F-77EF1B5DFC52}
		{93D72740-2B64-4926-B343-CD37DE42233F} = {C9F97749-196A-4771-B46F-77EF1B5DFC52}
		{96112C29-DA05-421B-9FFE-EC8D73035EA9} = {C9F97749-196A-4771-B46F-77EF1B5DFC52}
		{1E2031F4-056A-4ADC-AAD5-6CF82AF1D25E} = {C9F97749-196A-4771-B46F-77EF1B5DFC52}
		{B5EC0F48-149C-4D3D-8B2C-B888C252CCA8} = {102AB3E1-D639-4ABA-BA54-EDA74F1C3AFF}
		{1C50B884-1D59-49AF-8F2E-28931AE5343C} = {102AB3E1-D639-4ABA-BA54-EDA74F1C3AFF}
		{2AC5D837-C31A-4CCA-98BE-ACA8713EF46D} = {102AB3E1-D639-4ABA-BA54-EDA74F1C3AFF}
		{BC7910C7-DC26-467E-A9BE-8C144C95E415} = {102AB3E1-D639-4ABA-BA54-EDA74F1C3AFF}
		{783BF043-8D27-467A-BD2C-42DAE1A920A9} = {102AB3E1-D639-4ABA-BA54-EDA74F1C3AFF}
		{0035BA52-1915-4986-8246-AE45826F5551} = {102AB3E1-D639-4ABA-BA54-EDA74F1C3AFF}
		{4F82D7A9-E6C2-4991-A5B1-9491B8B2C43D} = {102AB3E1-D639-4ABA-BA54-EDA74F1C3AFF}
		{14A48730-72D7-4F08-B0B9-BDE6467D8A48} = {8AC50DB4-85C2-481A-AFB7-F84557C8943C}
		{D18BF94D-CB9E-45D9-BF2F-1AE9BDBBA579} = {8AC50DB4-85C2-481A-AFB7-F84557C8943C}
		{06FEBCB2-E09E-4318-8528-759BADC93572} = {8AC50DB4-85C2-481A-AFB7-F84557C8943C}
		{A55C48BF-54FE-4C8E-B951-B222E08190B0} = {8AC50DB4-85C2-481A-AFB7-F84557C8943C}
		{A094173D-286E-424D-917F-C8D0EE732CCB} = {8AC50DB4-85C2-481A-AFB7-F84557C8943C}
		{C734887C-D2F2-4E96-8124-2265334BC71F} = {8AC50DB4-85C2-481A-AFB7-F84557C8943C}
		{1BB8ACA9-2C43-4D6D-AD87-D84C91033179} = {8AC50DB4-85C2-481A-AFB7-F84557C8943C}
		{E04D8277-21D8-4D49-A50E-79E9EDE3040F} = {8AC50DB4-85C2-481A-AFB7-F84557C8943C}
		{B1EFEA0C-6957-47DC-AFA4-9CE6446B4635} = {8AC50DB4-85C2-481A-AFB7-F84557C8943C}
		{72315B63-A73A-42BF-BBB2-1B071FC22EF4} = {8AC50DB4-85C2-481A-AFB7-F84557C8943C}
		{7FEF248F-AE00-4E42-BBE2-61D1B78B3C0D} = {8AC50DB4-85C2-481A-AFB7-F84557C8943C}
	EndGlobalSection
EndGlobal
